// !$*UTF8*$!
{
	archiveVersion = 1;
	classes = {
	};
	objectVersion = 50;
	objects = {

/* Begin PBXBuildFile section */
		FB3F0596216CA41200ABF839 /* main.swift in Sources */ = {isa = PBXBuildFile; fileRef = FB3F0595216CA41200ABF839 /* main.swift */; };
		FB3F059D216CEFE300ABF839 /* LocationEstimator.swift in Sources */ = {isa = PBXBuildFile; fileRef = FB3F059C216CEFE300ABF839 /* LocationEstimator.swift */; };
		FB3F05A0216CF04D00ABF839 /* Arguments.swift in Sources */ = {isa = PBXBuildFile; fileRef = FB3F059F216CF04D00ABF839 /* Arguments.swift */; };
		FB3F05A2216CF07F00ABF839 /* Location.swift in Sources */ = {isa = PBXBuildFile; fileRef = FB3F05A1216CF07F00ABF839 /* Location.swift */; };
		FB3F05A4216CF09F00ABF839 /* LocationLoader.swift in Sources */ = {isa = PBXBuildFile; fileRef = FB3F05A3216CF09F00ABF839 /* LocationLoader.swift */; };
/* End PBXBuildFile section */

/* Begin PBXCopyFilesBuildPhase section */
		FB3F0590216CA41200ABF839 /* CopyFiles */ = {
			isa = PBXCopyFilesBuildPhase;
			buildActionMask = 2147483647;
			dstPath = /usr/share/man/man1/;
			dstSubfolderSpec = 0;
			files = (
			);
			runOnlyForDeploymentPostprocessing = 1;
		};
/* End PBXCopyFilesBuildPhase section */

/* Begin PBXFileReference section */
		FB3F0592216CA41200ABF839 /* location-estimator */ = {isa = PBXFileReference; explicitFileType = "compiled.mach-o.executable"; includeInIndex = 0; path = "location-estimator"; sourceTree = BUILT_PRODUCTS_DIR; };
		FB3F0595216CA41200ABF839 /* main.swift */ = {isa = PBXFileReference; lastKnownFileType = sourcecode.swift; path = main.swift; sourceTree = "<group>"; };
		FB3F059C216CEFE300ABF839 /* LocationEstimator.swift */ = {isa = PBXFileReference; lastKnownFileType = sourcecode.swift; path = LocationEstimator.swift; sourceTree = "<group>"; };
		FB3F059F216CF04D00ABF839 /* Arguments.swift */ = {isa = PBXFileReference; lastKnownFileType = sourcecode.swift; path = Arguments.swift; sourceTree = "<group>"; };
		FB3F05A1216CF07F00ABF839 /* Location.swift */ = {isa = PBXFileReference; lastKnownFileType = sourcecode.swift; path = Location.swift; sourceTree = "<group>"; };
		FB3F05A3216CF09F00ABF839 /* LocationLoader.swift */ = {isa = PBXFileReference; lastKnownFileType = sourcecode.swift; path = LocationLoader.swift; sourceTree = "<group>"; };
/* End PBXFileReference section */

/* Begin PBXFrameworksBuildPhase section */
		FB3F058F216CA41200ABF839 /* Frameworks */ = {
			isa = PBXFrameworksBuildPhase;
			buildActionMask = 2147483647;
			files = (
			);
			runOnlyForDeploymentPostprocessing = 0;
		};
/* End PBXFrameworksBuildPhase section */

/* Begin PBXGroup section */
		FB3F0589216CA41100ABF839 = {
			isa = PBXGroup;
			children = (
				FB3F0594216CA41200ABF839 /* location-estimator */,
				FB3F0593216CA41200ABF839 /* Products */,
			);
			sourceTree = "<group>";
		};
		FB3F0593216CA41200ABF839 /* Products */ = {
			isa = PBXGroup;
			children = (
				FB3F0592216CA41200ABF839 /* location-estimator */,
			);
			name = Products;
			sourceTree = "<group>";
		};
		FB3F0594216CA41200ABF839 /* location-estimator */ = {
			isa = PBXGroup;
			children = (
				FB3F059E216CF02D00ABF839 /* Utils */,
				FB3F0595216CA41200ABF839 /* main.swift */,
				FB3F059C216CEFE300ABF839 /* LocationEstimator.swift */,
			);
			path = "location-estimator";
			sourceTree = "<group>";
		};
		FB3F059E216CF02D00ABF839 /* Utils */ = {
			isa = PBXGroup;
			children = (
				FB3F059F216CF04D00ABF839 /* Arguments.swift */,
				FB3F05A1216CF07F00ABF839 /* Location.swift */,
				FB3F05A3216CF09F00ABF839 /* LocationLoader.swift */,
			);
			path = Utils;
			sourceTree = "<group>";
		};
/* End PBXGroup section */

/* Begin PBXNativeTarget section */
		FB3F0591216CA41200ABF839 /* location-estimator */ = {
			isa = PBXNativeTarget;
			buildConfigurationList = FB3F0599216CA41200ABF839 /* Build configuration list for PBXNativeTarget "location-estimator" */;
			buildPhases = (
				FB3F058E216CA41200ABF839 /* Sources */,
				FB3F058F216CA41200ABF839 /* Frameworks */,
				FB3F0590216CA41200ABF839 /* CopyFiles */,
			);
			buildRules = (
			);
			dependencies = (
			);
			name = "location-estimator";
			productName = "location-estimator";
			productReference = FB3F0592216CA41200ABF839 /* location-estimator */;
			productType = "com.apple.product-type.tool";
		};
/* End PBXNativeTarget section */

/* Begin PBXProject section */
		FB3F058A216CA41100ABF839 /* Project object */ = {
			isa = PBXProject;
			attributes = {
				LastSwiftUpdateCheck = 1000;
				LastUpgradeCheck = 1000;
				ORGANIZATIONNAME = "冨田 直希";
				TargetAttributes = {
					FB3F0591216CA41200ABF839 = {
						CreatedOnToolsVersion = 10.0;
					};
				};
			};
			buildConfigurationList = FB3F058D216CA41100ABF839 /* Build configuration list for PBXProject "location-estimator" */;
			compatibilityVersion = "Xcode 9.3";
			developmentRegion = en;
			hasScannedForEncodings = 0;
			knownRegions = (
				en,
			);
			mainGroup = FB3F0589216CA41100ABF839;
			productRefGroup = FB3F0593216CA41200ABF839 /* Products */;
			projectDirPath = "";
			projectRoot = "";
			targets = (
				FB3F0591216CA41200ABF839 /* location-estimator */,
			);
		};
/* End PBXProject section */

/* Begin PBXSourcesBuildPhase section */
		FB3F058E216CA41200ABF839 /* Sources */ = {
			isa = PBXSourcesBuildPhase;
			buildActionMask = 2147483647;
			files = (
				FB3F05A0216CF04D00ABF839 /* Arguments.swift in Sources */,
				FB3F0596216CA41200ABF839 /* main.swift in Sources */,
				FB3F05A4216CF09F00ABF839 /* LocationLoader.swift in Sources */,
				FB3F05A2216CF07F00ABF839 /* Location.swift in Sources */,
				FB3F059D216CEFE300ABF839 /* LocationEstimator.swift in Sources */,
			);
			runOnlyForDeploymentPostprocessing = 0;
		};
/* End PBXSourcesBuildPhase section */

/* Begin XCBuildConfiguration section */
		FB3F0597216CA41200ABF839 /* Debug */ = {
			isa = XCBuildConfiguration;
			buildSettings = {
				ALWAYS_SEARCH_USER_PATHS = NO;
				CLANG_ANALYZER_NONNULL = YES;
				CLANG_ANALYZER_NUMBER_OBJECT_CONVERSION = YES_AGGRESSIVE;
				CLANG_CXX_LANGUAGE_STANDARD = "gnu++14";
				CLANG_CXX_LIBRARY = "libc++";
				CLANG_ENABLE_MODULES = YES;
				CLANG_ENABLE_OBJC_ARC = YES;
				CLANG_ENABLE_OBJC_WEAK = YES;
				CLANG_WARN_BLOCK_CAPTURE_AUTORELEASING = YES;
				CLANG_WARN_BOOL_CONVERSION = YES;
				CLANG_WARN_COMMA = YES;
				CLANG_WARN_CONSTANT_CONVERSION = YES;
				CLANG_WARN_DEPRECATED_OBJC_IMPLEMENTATIONS = YES;
				CLANG_WARN_DIRECT_OBJC_ISA_USAGE = YES_ERROR;
				CLANG_WARN_DOCUMENTATION_COMMENTS = YES;
				CLANG_WARN_EMPTY_BODY = YES;
				CLANG_WARN_ENUM_CONVERSION = YES;
				CLANG_WARN_INFINITE_RECURSION = YES;
				CLANG_WARN_INT_CONVERSION = YES;
				CLANG_WARN_NON_LITERAL_NULL_CONVERSION = YES;
				CLANG_WARN_OBJC_IMPLICIT_RETAIN_SELF = YES;
				CLANG_WARN_OBJC_LITERAL_CONVERSION = YES;
				CLANG_WARN_OBJC_ROOT_CLASS = YES_ERROR;
				CLANG_WARN_RANGE_LOOP_ANALYSIS = YES;
				CLANG_WARN_STRICT_PROTOTYPES = YES;
				CLANG_WARN_SUSPICIOUS_MOVE = YES;
				CLANG_WARN_UNGUARDED_AVAILABILITY = YES_AGGRESSIVE;
				CLANG_WARN_UNREACHABLE_CODE = YES;
				CLANG_WARN__DUPLICATE_METHOD_MATCH = YES;
				CODE_SIGN_IDENTITY = "Mac Developer";
				COPY_PHASE_STRIP = NO;
				DEBUG_INFORMATION_FORMAT = dwarf;
				ENABLE_STRICT_OBJC_MSGSEND = YES;
				ENABLE_TESTABILITY = YES;
				GCC_C_LANGUAGE_STANDARD = gnu11;
				GCC_DYNAMIC_NO_PIC = NO;
				GCC_NO_COMMON_BLOCKS = YES;
				GCC_OPTIMIZATION_LEVEL = 0;
				GCC_PREPROCESSOR_DEFINITIONS = (
					"DEBUG=1",
					"$(inherited)",
				);
				GCC_WARN_64_TO_32_BIT_CONVERSION = YES;
				GCC_WARN_ABOUT_RETURN_TYPE = YES_ERROR;
				GCC_WARN_UNDECLARED_SELECTOR = YES;
				GCC_WARN_UNINITIALIZED_AUTOS = YES_AGGRESSIVE;
				GCC_WARN_UNUSED_FUNCTION = YES;
				GCC_WARN_UNUSED_VARIABLE = YES;
				MACOSX_DEPLOYMENT_TARGET = 10.13;
				MTL_ENABLE_DEBUG_INFO = INCLUDE_SOURCE;
				MTL_FAST_MATH = YES;
				ONLY_ACTIVE_ARCH = YES;
				SDKROOT = macosx;
				SWIFT_ACTIVE_COMPILATION_CONDITIONS = DEBUG;
				SWIFT_OPTIMIZATION_LEVEL = "-Onone";
			};
			name = Debug;
		};
		FB3F0598216CA41200ABF839 /* Release */ = {
			isa = XCBuildConfiguration;
			buildSettings = {
				ALWAYS_SEARCH_USER_PATHS = NO;
				CLANG_ANALYZER_NONNULL = YES;
				CLANG_ANALYZER_NUMBER_OBJECT_CONVERSION = YES_AGGRESSIVE;
				CLANG_CXX_LANGUAGE_STANDARD = "gnu++14";
				CLANG_CXX_LIBRARY = "libc++";
				CLANG_ENABLE_MODULES = YES;
				CLANG_ENABLE_OBJC_ARC = YES;
				CLANG_ENABLE_OBJC_WEAK = YES;
				CLANG_WARN_BLOCK_CAPTURE_AUTORELEASING = YES;
				CLANG_WARN_BOOL_CONVERSION = YES;
				CLANG_WARN_COMMA = YES;
				CLANG_WARN_CONSTANT_CONVERSION = YES;
				CLANG_WARN_DEPRECATED_OBJC_IMPLEMENTATIONS = YES;
				CLANG_WARN_DIRECT_OBJC_ISA_USAGE = YES_ERROR;
				CLANG_WARN_DOCUMENTATION_COMMENTS = YES;
				CLANG_WARN_EMPTY_BODY = YES;
				CLANG_WARN_ENUM_CONVERSION = YES;
				CLANG_WARN_INFINITE_RECURSION = YES;
				CLANG_WARN_INT_CONVERSION = YES;
				CLANG_WARN_NON_LITERAL_NULL_CONVERSION = YES;
				CLANG_WARN_OBJC_IMPLICIT_RETAIN_SELF = YES;
				CLANG_WARN_OBJC_LITERAL_CONVERSION = YES;
				CLANG_WARN_OBJC_ROOT_CLASS = YES_ERROR;
				CLANG_WARN_RANGE_LOOP_ANALYSIS = YES;
				CLANG_WARN_STRICT_PROTOTYPES = YES;
				CLANG_WARN_SUSPICIOUS_MOVE = YES;
				CLANG_WARN_UNGUARDED_AVAILABILITY = YES_AGGRESSIVE;
				CLANG_WARN_UNREACHABLE_CODE = YES;
				CLANG_WARN__DUPLICATE_METHOD_MATCH = YES;
				CODE_SIGN_IDENTITY = "Mac Developer";
				COPY_PHASE_STRIP = NO;
				DEBUG_INFORMATION_FORMAT = "dwarf-with-dsym";
				ENABLE_NS_ASSERTIONS = NO;
				ENABLE_STRICT_OBJC_MSGSEND = YES;
				GCC_C_LANGUAGE_STANDARD = gnu11;
				GCC_NO_COMMON_BLOCKS = YES;
				GCC_WARN_64_TO_32_BIT_CONVERSION = YES;
				GCC_WARN_ABOUT_RETURN_TYPE = YES_ERROR;
				GCC_WARN_UNDECLARED_SELECTOR = YES;
				GCC_WARN_UNINITIALIZED_AUTOS = YES_AGGRESSIVE;
				GCC_WARN_UNUSED_FUNCTION = YES;
				GCC_WARN_UNUSED_VARIABLE = YES;
				MACOSX_DEPLOYMENT_TARGET = 10.13;
				MTL_ENABLE_DEBUG_INFO = NO;
				MTL_FAST_MATH = YES;
				SDKROOT = macosx;
				SWIFT_COMPILATION_MODE = wholemodule;
				SWIFT_OPTIMIZATION_LEVEL = "-O";
			};
			name = Release;
		};
		FB3F059A216CA41200ABF839 /* Debug */ = {
			isa = XCBuildConfiguration;
			buildSettings = {
				CODE_SIGN_STYLE = Automatic;
				DEVELOPMENT_TEAM = WWBV462M78;
				PRODUCT_NAME = "$(TARGET_NAME)";
				SWIFT_VERSION = 4.2;
			};
			name = Debug;
		};
		FB3F059B216CA41200ABF839 /* Release */ = {
			isa = XCBuildConfiguration;
			buildSettings = {
				CODE_SIGN_STYLE = Automatic;
				DEVELOPMENT_TEAM = WWBV462M78;
				PRODUCT_NAME = "$(TARGET_NAME)";
				SWIFT_VERSION = 4.2;
			};
			name = Release;
		};
/* End XCBuildConfiguration section */

/* Begin XCConfigurationList section */
		FB3F058D216CA41100ABF839 /* Build configuration list for PBXProject "location-estimator" */ = {
			isa = XCConfigurationList;
			buildConfigurations = (
				FB3F0597216CA41200ABF839 /* Debug */,
				FB3F0598216CA41200ABF839 /* Release */,
			);
			defaultConfigurationIsVisible = 0;
			defaultConfigurationName = Release;
		};
		FB3F0599216CA41200ABF839 /* Build configuration list for PBXNativeTarget "location-estimator" */ = {
			isa = XCConfigurationList;
			buildConfigurations = (
				FB3F059A216CA41200ABF839 /* Debug */,
				FB3F059B216CA41200ABF839 /* Release */,
			);
			defaultConfigurationIsVisible = 0;
			defaultConfigurationName = Release;
		};
/* End XCConfigurationList section */
	};
	rootObject = FB3F058A216CA41100ABF839 /* Project object */;
}
